
Microsoft Visual Studio Solution File, Format Version 12.00
# Visual Studio Version 17
VisualStudioVersion = 17.3.32929.385
MinimumVisualStudioVersion = 10.0.40219.1
Project("{FAE04EC0-301F-11D3-BF4B-00C04F79EFBC}") = "DemoDB2.sln", "DemoDB2.sln.csproj", "{94491EB8-8320-445D-A1B2-B395844A0674}"
EndProject
Global
	GlobalSection(SolutionConfigurationPlatforms) = preSolution
		Debug|Any CPU = Debug|Any CPU
		Release|Any CPU = Release|Any CPU
	EndGlobalSection
	GlobalSection(ProjectConfigurationPlatforms) = postSolution
		{94491EB8-8320-445D-A1B2-B395844A0674}.Debug|Any CPU.ActiveCfg = Debug|Any CPU
		{94491EB8-8320-445D-A1B2-B395844A0674}.Debug|Any CPU.Build.0 = Debug|Any CPU
		{94491EB8-8320-445D-A1B2-B395844A0674}.Release|Any CPU.ActiveCfg = Release|Any CPU
		{94491EB8-8320-445D-A1B2-B395844A0674}.Release|Any CPU.Build.0 = Release|Any CPU
	EndGlobalSection
	GlobalSection(SolutionProperties) = preSolution
		HideSolutionNode = FALSE
	EndGlobalSection
	GlobalSection(ExtensibilityGlobals) = postSolution
		SolutionGuid = {42837D88-6137-4B0F-BB9E-C5EC2C34F19E}
	EndGlobalSection
EndGlobal
